# This file was autogenerated by scripts/export_image_locks.py from uv.lock.
# VCS dependencies pinned to the commit uv.lock resolved; install with --no-deps
# (their own dependencies are hash-pinned in requirements.lock).
folio-propositions @ git+https://github.com/alea-institute/folio-propositions@cb1e6a7f0e868534790b446043e9f630c380c356
