# This file was autogenerated by uv via the following command:
#    uv pip compile requirements.worker.in --generate-hashes --python-version 3.11 -o requirements.worker.lock
owlready2==0.50 \
    --hash=sha256:7be74c53a35497df138c8223dddcf65510def9b38494ae1fac4aa2a61c4677eb
    # via -r requirements.worker.in
oxrdflib==0.5.0 \
    --hash=sha256:dbe7b57bddca1b2acaf93c71ce3cf2022be8e673052e05ad317682cb9c56b559 \
    --hash=sha256:f83148e2c6d443f7718c6e8936c6b89e36ebb4f1002da69e8f0656e8fb5a0df2
    # via -r requirements.worker.in
pyoxigraph==0.5.7 \
    --hash=sha256:01768ef824796fdc7ce47b5846528b6f914a9a864503760d14a546ca81b88478 \
    --hash=sha256:0cda33fc5618ca9cffdf4f28291c3acdb587ec226678b799145a4dde98544415 \
    --hash=sha256:1434eb2aa3c14186a97c6e32d7e7fc3d67b51ada49063c93dbe75b30dab3f1e0 \
    --hash=sha256:14ffe41e08c5bae9fe2fbc3a978facf4f89fa0eec1eafb9a16edcde172f62be6 \
    --hash=sha256:15bde844c1ddc3957176185d3459cab87cea35e89d747df2b734a40043c0255c \
    --hash=sha256:15d679cb7742fe49b118ec4f2ccbc77eb8b8bfd16f2d90187bef76f173439382 \
    --hash=sha256:1e864352e3709d3acb8af1ef3890c4a4ec5258eac51808af7b053111ad29fa45 \
    --hash=sha256:33295eb374b09ababebff38b9448248e829e64282752099443e469737055cf94 \
    --hash=sha256:334f6f062c444b7524c16d053fc23e8ed95e5af0cf2f6606a2527dbd2a3e5a94 \
    --hash=sha256:3895ada9f009be1384bd3b0985bbd05817d0fb47ae40a4b9928a931ab84030c8 \
    --hash=sha256:3e939996d34fe23460914faea8e97eeda5a4a5455ee00f078b8ce6aa0f3c84e3 \
    --hash=sha256:3ec18bdeb2040c232383502c93c17e552dff88e544550fb64915b62fe8b36a2d \
    --hash=sha256:425f0d3e651293206128c32ca1b89bb85f2e0b52c83bd2c7d560b5cdb77da78f \
    --hash=sha256:43a3154cd5f518374e1b0bb25d61ba26bcd4efc37e267f265780e920350299a5 \
    --hash=sha256:5fd7e20e2f26ac19f19ec3219d71474a5cefc764c6f1a08897ef109a3bc4f1d3 \
    --hash=sha256:6bf8aac2cad3e70d3518761edcb872ee97bd65bde987afe9cc5990d2bd8e621f \
    --hash=sha256:797f32d16ac05dda7e6e7772fcd6705495bdfb13fbd25ee5c97ce7f91826f29c \
    --hash=sha256:7a8235e74b16c6609edff1a8e464bbd7a5907cfe90c5290b4c9388d983bdd714 \
    --hash=sha256:89d238f56d2fd7e5ad15a4a2ffd388554dc4a6215afb2d14ac16bf6358f7e1cb \
    --hash=sha256:8fbbc9470dfb415b636570ee1fba6474ea843b5ae35e954e5a5280d92892fb27 \
    --hash=sha256:91dcce43e19872540ed59cf85391594b1bf1a2e192348996c66306884c67eeb2 \
    --hash=sha256:9daa8a935597e7f79614531af4aad42f2beb0a6e8e8c4f3f82559ce00492a59a \
    --hash=sha256:ab09b1f0d3d8ef3cf8207f6841a33f6791a79234561dcbb18f0956161eeb39b1 \
    --hash=sha256:b51f3e01984e92cb026138a270ec0d9f287a8f8b1a12f3e1539635ac722a572d \
    --hash=sha256:b5c3ebdc73e19414f74f907bc5aeef789f51c2f13ed9148631274ee0635f9cdf \
    --hash=sha256:bac37a6695fcba1fdee9ea651991c1bbcdfb2bf743dc8fc23a0e7671237b2870 \
    --hash=sha256:bf3ae44583b79f08af8aabb689b782c5d72e7c8c0d80822c0b4a41e2e9d43acb \
    --hash=sha256:d08676cd1cfb5f5aa2717df4063a99fc7edc28f7ddb051e66d45deb452022820 \
    --hash=sha256:dff3f208fd013a4ff596e9222990274b7233ad0739583ef2fcb5f3d4c9e1daf1 \
    --hash=sha256:e851b0bd13e0eb187badd4e711cb45c9fcc73e7aab9c3db7c3d69b834235784e \
    --hash=sha256:e8c0effd2b0e261f294b3f99a988092c8581bc44ed3fc2da780f0af2ae2977ec \
    --hash=sha256:ee532d90beabd7d031adffa9440355bd418efde5f61f0372053d5619c14257fc \
    --hash=sha256:ee6cc79f33b5f6c57e76f8ea64e2f2290b4933748f13669383edcfe35e41fdc2 \
    --hash=sha256:f40d0e125a56dd102348a3f3bc1436384674b3ab3bdb09cfde31e57f5060c654 \
    --hash=sha256:fda77240baeb3c69cbeda4cd39e7c0360492362d23630cc70b9647f7a75a73b2
    # via
    #   -r requirements.worker.in
    #   oxrdflib
pyparsing==3.3.2 \
    --hash=sha256:850ba148bd908d7e2411587e247a1e4f0327839c40e2e5e6d05a007ecc69911d \
    --hash=sha256:c777f4d763f140633dcb6d8a3eda953bf7a214dc4eff598413c070bcdc117cbc
    # via rdflib
rdflib==7.6.0 \
    --hash=sha256:30c0a3ebf4c0e09215f066be7246794b6492e054e782d7ac2a34c9f70a15e0dd \
    --hash=sha256:6c831288d5e4a5a7ece85d0ccde9877d512a3d0f02d7c06455d00d6d0ea379df
    # via
    #   -r requirements.worker.in
    #   oxrdflib
