# This file was autogenerated by scripts/export_image_locks.py from uv.lock.
# VCS dependencies pinned to the commit uv.lock resolved; install with --no-deps
# (their own dependencies are hash-pinned in requirements.lock).
folio-propositions @ git+https://github.com/alea-institute/folio-propositions@bb62e5b6defdccd8d552b794e16bdc2267720628
